
Microsoft Visual Studio Solution File, Format Version 12.00
# Visual Studio Version 16
VisualStudioVersion = 16.0.30717.126
MinimumVisualStudioVersion = 10.0.40219.1
Project("{8BC9CEB8-8B4A-11D0-8D11-00A0C91BC942}") = "HexEdit", "HexEdit\HexEdit.vcxproj", "{C4CC0564-D6ED-4341-8C04-3AA9F8D571F5}"
EndProject
Project("{8BC9CEB8-8B4A-11D0-8D11-00A0C91BC942}") = "RegHelper", "RegHelper\RegHelper.vcxproj", "{01264AF0-9956-4647-B202-743CCCACD18C}"
EndProject
Project("{2150E333-8FDC-42A3-9474-1A3956D46DE8}") = "Install", "Install", "{E450F13D-5029-45EB-9C33-2066FBD3F275}"
EndProject
Project("{930C7802-8A8C-48F9-8165-68863BCCD9DD}") = "Install", "Install\Install.wixproj", "{E8626BA4-65B0-44A6-B2E7-1C88B3413BD5}"
	ProjectSection(ProjectDependencies) = postProject
		{94528F84-0E65-465B-9EB9-F79C821F4980} = {94528F84-0E65-465B-9EB9-F79C821F4980}
	EndProjectSection
EndProject
Project("{930C7802-8A8C-48F9-8165-68863BCCD9DD}") = "StandaloneInstall", "StandaloneInstall\StandaloneInstall.wixproj", "{10B34865-3DE3-4A9E-B3AA-9135FC6CF0D5}"
EndProject
Project("{2150E333-8FDC-42A3-9474-1A3956D46DE8}") = "Solution Items", "Solution Items", "{EBAE7B09-7555-47BB-87C1-4D912177004D}"
	ProjectSection(SolutionItems) = preProject
		.gitattributes = .gitattributes
		.gitignore = .gitignore
		.runsettings = .runsettings
		azure-pipelines.yml = azure-pipelines.yml
		Directory.Build.props = Directory.Build.props
		Directory.Build.targets = Directory.Build.targets
		opencppcoverage_config.txt = opencppcoverage_config.txt
		HexEdit\README.TXT = HexEdit\README.TXT
		vcpkg.json = vcpkg.json
	EndProjectSection
EndProject
Project("{2150E333-8FDC-42A3-9474-1A3956D46DE8}") = "build", "build", "{0ADA7014-DE8A-4D9B-AF15-118CC0F6C998}"
	ProjectSection(SolutionItems) = preProject
		build\cpp.props = build\cpp.props
		build\cpp.targets = build\cpp.targets
		build\csharp.props = build\csharp.props
		build\dir.props = build\dir.props
		build\vcpkg.props = build\vcpkg.props
		build\vcpkg.targets = build\vcpkg.targets
		build\wix.props = build\wix.props
		build\wix.targets = build\wix.targets
	EndProjectSection
EndProject
Project("{9A19103F-16F7-4668-BE54-9A1E7A4F7556}") = "WixHelper", "WixHelper\WixHelper.csproj", "{94528F84-0E65-465B-9EB9-F79C821F4980}"
EndProject
Project("{8BC9CEB8-8B4A-11D0-8D11-00A0C91BC942}") = "Tests", "Tests\Tests.vcxproj", "{8605453C-E351-4A8C-AD1D-05676C0415F7}"
EndProject
Global
	GlobalSection(SolutionConfigurationPlatforms) = preSolution
		Debug|Win32 = Debug|Win32
		Release|Win32 = Release|Win32
	EndGlobalSection
	GlobalSection(ProjectConfigurationPlatforms) = postSolution
		{C4CC0564-D6ED-4341-8C04-3AA9F8D571F5}.Debug|Win32.ActiveCfg = Debug|Win32
		{C4CC0564-D6ED-4341-8C04-3AA9F8D571F5}.Debug|Win32.Build.0 = Debug|Win32
		{C4CC0564-D6ED-4341-8C04-3AA9F8D571F5}.Release|Win32.ActiveCfg = Release|Win32
		{C4CC0564-D6ED-4341-8C04-3AA9F8D571F5}.Release|Win32.Build.0 = Release|Win32
		{01264AF0-9956-4647-B202-743CCCACD18C}.Debug|Win32.ActiveCfg = Debug|Win32
		{01264AF0-9956-4647-B202-743CCCACD18C}.Debug|Win32.Build.0 = Debug|Win32
		{01264AF0-9956-4647-B202-743CCCACD18C}.Release|Win32.ActiveCfg = Release|Win32
		{01264AF0-9956-4647-B202-743CCCACD18C}.Release|Win32.Build.0 = Release|Win32
		{E8626BA4-65B0-44A6-B2E7-1C88B3413BD5}.Debug|Win32.ActiveCfg = Debug|x86
		{E8626BA4-65B0-44A6-B2E7-1C88B3413BD5}.Debug|Win32.Build.0 = Debug|x86
		{E8626BA4-65B0-44A6-B2E7-1C88B3413BD5}.Release|Win32.ActiveCfg = Release|x86
		{E8626BA4-65B0-44A6-B2E7-1C88B3413BD5}.Release|Win32.Build.0 = Release|x86
		{10B34865-3DE3-4A9E-B3AA-9135FC6CF0D5}.Debug|Win32.ActiveCfg = Debug|x86
		{10B34865-3DE3-4A9E-B3AA-9135FC6CF0D5}.Debug|Win32.Build.0 = Debug|x86
		{10B34865-3DE3-4A9E-B3AA-9135FC6CF0D5}.Release|Win32.ActiveCfg = Release|x86
		{10B34865-3DE3-4A9E-B3AA-9135FC6CF0D5}.Release|Win32.Build.0 = Release|x86
		{94528F84-0E65-465B-9EB9-F79C821F4980}.Debug|Win32.ActiveCfg = Debug|Any CPU
		{94528F84-0E65-465B-9EB9-F79C821F4980}.Debug|Win32.Build.0 = Debug|Any CPU
		{94528F84-0E65-465B-9EB9-F79C821F4980}.Release|Win32.ActiveCfg = Release|Any CPU
		{94528F84-0E65-465B-9EB9-F79C821F4980}.Release|Win32.Build.0 = Release|Any CPU
		{8605453C-E351-4A8C-AD1D-05676C0415F7}.Debug|Win32.ActiveCfg = Debug|Win32
		{8605453C-E351-4A8C-AD1D-05676C0415F7}.Debug|Win32.Build.0 = Debug|Win32
		{8605453C-E351-4A8C-AD1D-05676C0415F7}.Release|Win32.ActiveCfg = Release|Win32
		{8605453C-E351-4A8C-AD1D-05676C0415F7}.Release|Win32.Build.0 = Release|Win32
	EndGlobalSection
	GlobalSection(SolutionProperties) = preSolution
		HideSolutionNode = FALSE
	EndGlobalSection
	GlobalSection(NestedProjects) = preSolution
		{E8626BA4-65B0-44A6-B2E7-1C88B3413BD5} = {E450F13D-5029-45EB-9C33-2066FBD3F275}
		{10B34865-3DE3-4A9E-B3AA-9135FC6CF0D5} = {E450F13D-5029-45EB-9C33-2066FBD3F275}
		{0ADA7014-DE8A-4D9B-AF15-118CC0F6C998} = {EBAE7B09-7555-47BB-87C1-4D912177004D}
		{94528F84-0E65-465B-9EB9-F79C821F4980} = {E450F13D-5029-45EB-9C33-2066FBD3F275}
	EndGlobalSection
	GlobalSection(ExtensibilityGlobals) = postSolution
		SolutionGuid = {4A89ABDE-59D7-4A0A-88AE-86AE5CD2B4AA}
	EndGlobalSection
	GlobalSection(DPCodeReviewSolutionGUID) = preSolution
		DPCodeReviewSolutionGUID = {00000000-0000-0000-0000-000000000000}
	EndGlobalSection
EndGlobal
